
Microsoft Visual Studio Solution File, Format Version 12.00
# Visual Studio 15
VisualStudioVersion = 15.0.28010.2019
MinimumVisualStudioVersion = 10.0.40219.1
Project("{F184B08F-C81C-45F6-A57F-5ABD9991F28F}") = "Lab01 - Benjamin Langlois", "Lab01 - Benjamin Langlois\Lab01 - Benjamin Langlois.vbproj", "{1E0C6130-1359-4E46-8C6B-0A3E077D0EE3}"
EndProject
Global
	GlobalSection(SolutionConfigurationPlatforms) = preSolution
		Debug|Any CPU = Debug|Any CPU
		Release|Any CPU = Release|Any CPU
	EndGlobalSection
	GlobalSection(ProjectConfigurationPlatforms) = postSolution
		{1E0C6130-1359-4E46-8C6B-0A3E077D0EE3}.Debug|Any CPU.ActiveCfg = Debug|Any CPU
		{1E0C6130-1359-4E46-8C6B-0A3E077D0EE3}.Debug|Any CPU.Build.0 = Debug|Any CPU
		{1E0C6130-1359-4E46-8C6B-0A3E077D0EE3}.Release|Any CPU.ActiveCfg = Release|Any CPU
		{1E0C6130-1359-4E46-8C6B-0A3E077D0EE3}.Release|Any CPU.Build.0 = Release|Any CPU
	EndGlobalSection
	GlobalSection(SolutionProperties) = preSolution
		HideSolutionNode = FALSE
	EndGlobalSection
	GlobalSection(ExtensibilityGlobals) = postSolution
		SolutionGuid = {F93C8333-6DF3-4DFC-BD18-50B05FA01217}
	EndGlobalSection
EndGlobal
